
Microsoft Visual Studio Solution File, Format Version 12.00
# Visual Studio 2012
Project("{2150E333-8FDC-42A3-9474-1A3956D46DE8}") = ".nuget", ".nuget", "{22913FDA-9646-4F96-AA04-0DA93DBB9828}"
	ProjectSection(SolutionItems) = preProject
		.nuget\NuGet.config = .nuget\NuGet.config
		.nuget\NuGet.exe = .nuget\NuGet.exe
		.nuget\NuGet.targets = .nuget\NuGet.targets
	EndProjectSection
EndProject
Project("{2150E333-8FDC-42A3-9474-1A3956D46DE8}") = "Main", "Main", "{E344B56B-FA49-4EC7-A730-C12767A2BF7A}"
EndProject
Project("{FAE04EC0-301F-11D3-BF4B-00C04F79EFBC}") = "NProxy.Core", "Main\NProxy.Core\NProxy.Core.csproj", "{9DCA2B53-06FC-4949-8238-C62957AA428B}"
EndProject
Project("{2150E333-8FDC-42A3-9474-1A3956D46DE8}") = "Test", "Test", "{7627253D-BDE4-4E8B-A5D3-BC150D9496A2}"
EndProject
Project("{FAE04EC0-301F-11D3-BF4B-00C04F79EFBC}") = "NProxy.Core.Benchmark", "Test\NProxy.Core.Benchmark\NProxy.Core.Benchmark.csproj", "{49B33190-2161-4860-B07C-662D0B0E22AB}"
EndProject
Project("{FAE04EC0-301F-11D3-BF4B-00C04F79EFBC}") = "NProxy.Core.Test", "Test\NProxy.Core.Test\NProxy.Core.Test.csproj", "{921C36E4-1492-418B-A421-C49F6EBBA63E}"
EndProject
Global
	GlobalSection(SolutionConfigurationPlatforms) = preSolution
		Debug|Any CPU = Debug|Any CPU
		Release|Any CPU = Release|Any CPU
	EndGlobalSection
	GlobalSection(ProjectConfigurationPlatforms) = postSolution
		{9DCA2B53-06FC-4949-8238-C62957AA428B}.Debug|Any CPU.ActiveCfg = Debug|Any CPU
		{9DCA2B53-06FC-4949-8238-C62957AA428B}.Debug|Any CPU.Build.0 = Debug|Any CPU
		{9DCA2B53-06FC-4949-8238-C62957AA428B}.Release|Any CPU.ActiveCfg = Release|Any CPU
		{9DCA2B53-06FC-4949-8238-C62957AA428B}.Release|Any CPU.Build.0 = Release|Any CPU
		{49B33190-2161-4860-B07C-662D0B0E22AB}.Debug|Any CPU.ActiveCfg = Debug|Any CPU
		{49B33190-2161-4860-B07C-662D0B0E22AB}.Debug|Any CPU.Build.0 = Debug|Any CPU
		{49B33190-2161-4860-B07C-662D0B0E22AB}.Release|Any CPU.ActiveCfg = Release|Any CPU
		{49B33190-2161-4860-B07C-662D0B0E22AB}.Release|Any CPU.Build.0 = Release|Any CPU
		{921C36E4-1492-418B-A421-C49F6EBBA63E}.Debug|Any CPU.ActiveCfg = Debug|Any CPU
		{921C36E4-1492-418B-A421-C49F6EBBA63E}.Debug|Any CPU.Build.0 = Debug|Any CPU
		{921C36E4-1492-418B-A421-C49F6EBBA63E}.Release|Any CPU.ActiveCfg = Release|Any CPU
		{921C36E4-1492-418B-A421-C49F6EBBA63E}.Release|Any CPU.Build.0 = Release|Any CPU
	EndGlobalSection
	GlobalSection(SolutionProperties) = preSolution
		HideSolutionNode = FALSE
	EndGlobalSection
	GlobalSection(NestedProjects) = preSolution
		{9DCA2B53-06FC-4949-8238-C62957AA428B} = {E344B56B-FA49-4EC7-A730-C12767A2BF7A}
		{49B33190-2161-4860-B07C-662D0B0E22AB} = {7627253D-BDE4-4E8B-A5D3-BC150D9496A2}
		{921C36E4-1492-418B-A421-C49F6EBBA63E} = {7627253D-BDE4-4E8B-A5D3-BC150D9496A2}
	EndGlobalSection
EndGlobal
